// !$*UTF8*$!
{
	archiveVersion = 1;
	classes = {
	};
	objectVersion = 46;
	objects = {

/* Begin PBXBuildFile section */
		45C140EB1B16515000336C9A /* AppDelegate.swift in Sources */ = {isa = PBXBuildFile; fileRef = 45C140EA1B16515000336C9A /* AppDelegate.swift */; };
		45C140ED1B16515000336C9A /* ViewController.swift in Sources */ = {isa = PBXBuildFile; fileRef = 45C140EC1B16515000336C9A /* ViewController.swift */; };
		45C140F01B16515000336C9A /* Main.storyboard in Resources */ = {isa = PBXBuildFile; fileRef = 45C140EE1B16515000336C9A /* Main.storyboard */; };
		45C140F21B16515000336C9A /* Images.xcassets in Resources */ = {isa = PBXBuildFile; fileRef = 45C140F11B16515000336C9A /* Images.xcassets */; };
		45C140F51B16515000336C9A /* LaunchScreen.xib in Resources */ = {isa = PBXBuildFile; fileRef = 45C140F31B16515000336C9A /* LaunchScreen.xib */; };
		45C141011B16515000336C9A /* firstThingEverTests.swift in Sources */ = {isa = PBXBuildFile; fileRef = 45C141001B16515000336C9A /* firstThingEverTests.swift */; };
		45C1410C1B1652A500336C9A /* lips.png in Resources */ = {isa = PBXBuildFile; fileRef = 45C1410A1B1652A500336C9A /* lips.png */; };
		45C1410D1B1652A500336C9A /* darkskin.png in Resources */ = {isa = PBXBuildFile; fileRef = 45C1410B1B1652A500336C9A /* darkskin.png */; };
/* End PBXBuildFile section */

/* Begin PBXContainerItemProxy section */
		45C140FB1B16515000336C9A /* PBXContainerItemProxy */ = {
			isa = PBXContainerItemProxy;
			containerPortal = 45C140DD1B16515000336C9A /* Project object */;
			proxyType = 1;
			remoteGlobalIDString = 45C140E41B16515000336C9A;
			remoteInfo = firstThingEver;
		};
/* End PBXContainerItemProxy section */

/* Begin PBXFileReference section */
		45C140E51B16515000336C9A /* firstThingEver.app */ = {isa = PBXFileReference; explicitFileType = wrapper.application; includeInIndex = 0; path = firstThingEver.app; sourceTree = BUILT_PRODUCTS_DIR; };
		45C140E91B16515000336C9A /* Info.plist */ = {isa = PBXFileReference; lastKnownFileType = text.plist.xml; path = Info.plist; sourceTree = "<group>"; };
		45C140EA1B16515000336C9A /* AppDelegate.swift */ = {isa = PBXFileReference; lastKnownFileType = sourcecode.swift; path = AppDelegate.swift; sourceTree = "<group>"; };
		45C140EC1B16515000336C9A /* ViewController.swift */ = {isa = PBXFileReference; lastKnownFileType = sourcecode.swift; path = ViewController.swift; sourceTree = "<group>"; };
		45C140EF1B16515000336C9A /* Base */ = {isa = PBXFileReference; lastKnownFileType = file.storyboard; name = Base; path = Base.lproj/Main.storyboard; sourceTree = "<group>"; };
		45C140F11B16515000336C9A /* Images.xcassets */ = {isa = PBXFileReference; lastKnownFileType = folder.assetcatalog; path = Images.xcassets; sourceTree = "<group>"; };
		45C140F41B16515000336C9A /* Base */ = {isa = PBXFileReference; lastKnownFileType = file.xib; name = Base; path = Base.lproj/LaunchScreen.xib; sourceTree = "<group>"; };
		45C140FA1B16515000336C9A /* firstThingEverTests.xctest */ = {isa = PBXFileReference; explicitFileType = wrapper.cfbundle; includeInIndex = 0; path = firstThingEverTests.xctest; sourceTree = BUILT_PRODUCTS_DIR; };
		45C140FF1B16515000336C9A /* Info.plist */ = {isa = PBXFileReference; lastKnownFileType = text.plist.xml; path = Info.plist; sourceTree = "<group>"; };
		45C141001B16515000336C9A /* firstThingEverTests.swift */ = {isa = PBXFileReference; lastKnownFileType = sourcecode.swift; path = firstThingEverTests.swift; sourceTree = "<group>"; };
		45C1410A1B1652A500336C9A /* lips.png */ = {isa = PBXFileReference; lastKnownFileType = image.png; path = lips.png; sourceTree = "<group>"; };
		45C1410B1B1652A500336C9A /* darkskin.png */ = {isa = PBXFileReference; lastKnownFileType = image.png; path = darkskin.png; sourceTree = "<group>"; };
/* End PBXFileReference section */

/* Begin PBXFrameworksBuildPhase section */
		45C140E21B16515000336C9A /* Frameworks */ = {
			isa = PBXFrameworksBuildPhase;
			buildActionMask = 2147483647;
			files = (
			);
			runOnlyForDeploymentPostprocessing = 0;
		};
		45C140F71B16515000336C9A /* Frameworks */ = {
			isa = PBXFrameworksBuildPhase;
			buildActionMask = 2147483647;
			files = (
			);
			runOnlyForDeploymentPostprocessing = 0;
		};
/* End PBXFrameworksBuildPhase section */

/* Begin PBXGroup section */
		45C140DC1B16515000336C9A = {
			isa = PBXGroup;
			children = (
				45C140E71B16515000336C9A /* firstThingEver */,
				45C140FD1B16515000336C9A /* firstThingEverTests */,
				45C140E61B16515000336C9A /* Products */,
			);
			sourceTree = "<group>";
		};
		45C140E61B16515000336C9A /* Products */ = {
			isa = PBXGroup;
			children = (
				45C140E51B16515000336C9A /* firstThingEver.app */,
				45C140FA1B16515000336C9A /* firstThingEverTests.xctest */,
			);
			name = Products;
			sourceTree = "<group>";
		};
		45C140E71B16515000336C9A /* firstThingEver */ = {
			isa = PBXGroup;
			children = (
				45C140EA1B16515000336C9A /* AppDelegate.swift */,
				45C140EC1B16515000336C9A /* ViewController.swift */,
				45C140EE1B16515000336C9A /* Main.storyboard */,
				45C140F11B16515000336C9A /* Images.xcassets */,
				45C140F31B16515000336C9A /* LaunchScreen.xib */,
				45C140E81B16515000336C9A /* Supporting Files */,
			);
			path = firstThingEver;
			sourceTree = "<group>";
		};
		45C140E81B16515000336C9A /* Supporting Files */ = {
			isa = PBXGroup;
			children = (
				45C1410A1B1652A500336C9A /* lips.png */,
				45C1410B1B1652A500336C9A /* darkskin.png */,
				45C140E91B16515000336C9A /* Info.plist */,
			);
			name = "Supporting Files";
			sourceTree = "<group>";
		};
		45C140FD1B16515000336C9A /* firstThingEverTests */ = {
			isa = PBXGroup;
			children = (
				45C141001B16515000336C9A /* firstThingEverTests.swift */,
				45C140FE1B16515000336C9A /* Supporting Files */,
			);
			path = firstThingEverTests;
			sourceTree = "<group>";
		};
		45C140FE1B16515000336C9A /* Supporting Files */ = {
			isa = PBXGroup;
			children = (
				45C140FF1B16515000336C9A /* Info.plist */,
			);
			name = "Supporting Files";
			sourceTree = "<group>";
		};
/* End PBXGroup section */

/* Begin PBXNativeTarget section */
		45C140E41B16515000336C9A /* firstThingEver */ = {
			isa = PBXNativeTarget;
			buildConfigurationList = 45C141041B16515000336C9A /* Build configuration list for PBXNativeTarget "firstThingEver" */;
			buildPhases = (
				45C140E11B16515000336C9A /* Sources */,
				45C140E21B16515000336C9A /* Frameworks */,
				45C140E31B16515000336C9A /* Resources */,
			);
			buildRules = (
			);
			dependencies = (
			);
			name = firstThingEver;
			productName = firstThingEver;
			productReference = 45C140E51B16515000336C9A /* firstThingEver.app */;
			productType = "com.apple.product-type.application";
		};
		45C140F91B16515000336C9A /* firstThingEverTests */ = {
			isa = PBXNativeTarget;
			buildConfigurationList = 45C141071B16515000336C9A /* Build configuration list for PBXNativeTarget "firstThingEverTests" */;
			buildPhases = (
				45C140F61B16515000336C9A /* Sources */,
				45C140F71B16515000336C9A /* Frameworks */,
				45C140F81B16515000336C9A /* Resources */,
			);
			buildRules = (
			);
			dependencies = (
				45C140FC1B16515000336C9A /* PBXTargetDependency */,
			);
			name = firstThingEverTests;
			productName = firstThingEverTests;
			productReference = 45C140FA1B16515000336C9A /* firstThingEverTests.xctest */;
			productType = "com.apple.product-type.bundle.unit-test";
		};
/* End PBXNativeTarget section */

/* Begin PBXProject section */
		45C140DD1B16515000336C9A /* Project object */ = {
			isa = PBXProject;
			attributes = {
				LastUpgradeCheck = 0630;
				ORGANIZATIONNAME = "Ruben Bjerg Hansen";
				TargetAttributes = {
					45C140E41B16515000336C9A = {
						CreatedOnToolsVersion = 6.3.2;
					};
					45C140F91B16515000336C9A = {
						CreatedOnToolsVersion = 6.3.2;
						TestTargetID = 45C140E41B16515000336C9A;
					};
				};
			};
			buildConfigurationList = 45C140E01B16515000336C9A /* Build configuration list for PBXProject "firstThingEver" */;
			compatibilityVersion = "Xcode 3.2";
			developmentRegion = English;
			hasScannedForEncodings = 0;
			knownRegions = (
				en,
				Base,
			);
			mainGroup = 45C140DC1B16515000336C9A;
			productRefGroup = 45C140E61B16515000336C9A /* Products */;
			projectDirPath = "";
			projectRoot = "";
			targets = (
				45C140E41B16515000336C9A /* firstThingEver */,
				45C140F91B16515000336C9A /* firstThingEverTests */,
			);
		};
/* End PBXProject section */

/* Begin PBXResourcesBuildPhase section */
		45C140E31B16515000336C9A /* Resources */ = {
			isa = PBXResourcesBuildPhase;
			buildActionMask = 2147483647;
			files = (
				45C140F01B16515000336C9A /* Main.storyboard in Resources */,
				45C140F51B16515000336C9A /* LaunchScreen.xib in Resources */,
				45C140F21B16515000336C9A /* Images.xcassets in Resources */,
				45C1410D1B1652A500336C9A /* darkskin.png in Resources */,
				45C1410C1B1652A500336C9A /* lips.png in Resources */,
			);
			runOnlyForDeploymentPostprocessing = 0;
		};
		45C140F81B16515000336C9A /* Resources */ = {
			isa = PBXResourcesBuildPhase;
			buildActionMask = 2147483647;
			files = (
			);
			runOnlyForDeploymentPostprocessing = 0;
		};
/* End PBXResourcesBuildPhase section */

/* Begin PBXSourcesBuildPhase section */
		45C140E11B16515000336C9A /* Sources */ = {
			isa = PBXSourcesBuildPhase;
			buildActionMask = 2147483647;
			files = (
				45C140ED1B16515000336C9A /* ViewController.swift in Sources */,
				45C140EB1B16515000336C9A /* AppDelegate.swift in Sources */,
			);
			runOnlyForDeploymentPostprocessing = 0;
		};
		45C140F61B16515000336C9A /* Sources */ = {
			isa = PBXSourcesBuildPhase;
			buildActionMask = 2147483647;
			files = (
				45C141011B16515000336C9A /* firstThingEverTests.swift in Sources */,
			);
			runOnlyForDeploymentPostprocessing = 0;
		};
/* End PBXSourcesBuildPhase section */

/* Begin PBXTargetDependency section */
		45C140FC1B16515000336C9A /* PBXTargetDependency */ = {
			isa = PBXTargetDependency;
			target = 45C140E41B16515000336C9A /* firstThingEver */;
			targetProxy = 45C140FB1B16515000336C9A /* PBXContainerItemProxy */;
		};
/* End PBXTargetDependency section */

/* Begin PBXVariantGroup section */
		45C140EE1B16515000336C9A /* Main.storyboard */ = {
			isa = PBXVariantGroup;
			children = (
				45C140EF1B16515000336C9A /* Base */,
			);
			name = Main.storyboard;
			sourceTree = "<group>";
		};
		45C140F31B16515000336C9A /* LaunchScreen.xib */ = {
			isa = PBXVariantGroup;
			children = (
				45C140F41B16515000336C9A /* Base */,
			);
			name = LaunchScreen.xib;
			sourceTree = "<group>";
		};
/* End PBXVariantGroup section */

/* Begin XCBuildConfiguration section */
		45C141021B16515000336C9A /* Debug */ = {
			isa = XCBuildConfiguration;
			buildSettings = {
				ALWAYS_SEARCH_USER_PATHS = NO;
				CLANG_CXX_LANGUAGE_STANDARD = "gnu++0x";
				CLANG_CXX_LIBRARY = "libc++";
				CLANG_ENABLE_MODULES = YES;
				CLANG_ENABLE_OBJC_ARC = YES;
				CLANG_WARN_BOOL_CONVERSION = YES;
				CLANG_WARN_CONSTANT_CONVERSION = YES;
				CLANG_WARN_DIRECT_OBJC_ISA_USAGE = YES_ERROR;
				CLANG_WARN_EMPTY_BODY = YES;
				CLANG_WARN_ENUM_CONVERSION = YES;
				CLANG_WARN_INT_CONVERSION = YES;
				CLANG_WARN_OBJC_ROOT_CLASS = YES_ERROR;
				CLANG_WARN_UNREACHABLE_CODE = YES;
				CLANG_WARN__DUPLICATE_METHOD_MATCH = YES;
				"CODE_SIGN_IDENTITY[sdk=iphoneos*]" = "iPhone Developer";
				COPY_PHASE_STRIP = NO;
				DEBUG_INFORMATION_FORMAT = "dwarf-with-dsym";
				ENABLE_STRICT_OBJC_MSGSEND = YES;
				GCC_C_LANGUAGE_STANDARD = gnu99;
				GCC_DYNAMIC_NO_PIC = NO;
				GCC_NO_COMMON_BLOCKS = YES;
				GCC_OPTIMIZATION_LEVEL = 0;
				GCC_PREPROCESSOR_DEFINITIONS = (
					"DEBUG=1",
					"$(inherited)",
				);
				GCC_SYMBOLS_PRIVATE_EXTERN = NO;
				GCC_WARN_64_TO_32_BIT_CONVERSION = YES;
				GCC_WARN_ABOUT_RETURN_TYPE = YES_ERROR;
				GCC_WARN_UNDECLARED_SELECTOR = YES;
				GCC_WARN_UNINITIALIZED_AUTOS = YES_AGGRESSIVE;
				GCC_WARN_UNUSED_FUNCTION = YES;
				GCC_WARN_UNUSED_VARIABLE = YES;
				IPHONEOS_DEPLOYMENT_TARGET = 8.3;
				MTL_ENABLE_DEBUG_INFO = YES;
				ONLY_ACTIVE_ARCH = YES;
				SDKROOT = iphoneos;
				SWIFT_OPTIMIZATION_LEVEL = "-Onone";
				TARGETED_DEVICE_FAMILY = "1,2";
			};
			name = Debug;
		};
		45C141031B16515000336C9A /* Release */ = {
			isa = XCBuildConfiguration;
			buildSettings = {
				ALWAYS_SEARCH_USER_PATHS = NO;
				CLANG_CXX_LANGUAGE_STANDARD = "gnu++0x";
				CLANG_CXX_LIBRARY = "libc++";
				CLANG_ENABLE_MODULES = YES;
				CLANG_ENABLE_OBJC_ARC = YES;
				CLANG_WARN_BOOL_CONVERSION = YES;
				CLANG_WARN_CONSTANT_CONVERSION = YES;
				CLANG_WARN_DIRECT_OBJC_ISA_USAGE = YES_ERROR;
				CLANG_WARN_EMPTY_BODY = YES;
				CLANG_WARN_ENUM_CONVERSION = YES;
				CLANG_WARN_INT_CONVERSION = YES;
				CLANG_WARN_OBJC_ROOT_CLASS = YES_ERROR;
				CLANG_WARN_UNREACHABLE_CODE = YES;
				CLANG_WARN__DUPLICATE_METHOD_MATCH = YES;
				"CODE_SIGN_IDENTITY[sdk=iphoneos*]" = "iPhone Developer";
				COPY_PHASE_STRIP = NO;
				DEBUG_INFORMATION_FORMAT = "dwarf-with-dsym";
				ENABLE_NS_ASSERTIONS = NO;
				ENABLE_STRICT_OBJC_MSGSEND = YES;
				GCC_C_LANGUAGE_STANDARD = gnu99;
				GCC_NO_COMMON_BLOCKS = YES;
				GCC_WARN_64_TO_32_BIT_CONVERSION = YES;
				GCC_WARN_ABOUT_RETURN_TYPE = YES_ERROR;
				GCC_WARN_UNDECLARED_SELECTOR = YES;
				GCC_WARN_UNINITIALIZED_AUTOS = YES_AGGRESSIVE;
				GCC_WARN_UNUSED_FUNCTION = YES;
				GCC_WARN_UNUSED_VARIABLE = YES;
				IPHONEOS_DEPLOYMENT_TARGET = 8.3;
				MTL_ENABLE_DEBUG_INFO = NO;
				SDKROOT = iphoneos;
				TARGETED_DEVICE_FAMILY = "1,2";
				VALIDATE_PRODUCT = YES;
			};
			name = Release;
		};
		45C141051B16515000336C9A /* Debug */ = {
			isa = XCBuildConfiguration;
			buildSettings = {
				ASSETCATALOG_COMPILER_APPICON_NAME = AppIcon;
				INFOPLIST_FILE = firstThingEver/Info.plist;
				LD_RUNPATH_SEARCH_PATHS = "$(inherited) @executable_path/Frameworks";
				PRODUCT_NAME = "$(TARGET_NAME)";
			};
			name = Debug;
		};
		45C141061B16515000336C9A /* Release */ = {
			isa = XCBuildConfiguration;
			buildSettings = {
				ASSETCATALOG_COMPILER_APPICON_NAME = AppIcon;
				INFOPLIST_FILE = firstThingEver/Info.plist;
				LD_RUNPATH_SEARCH_PATHS = "$(inherited) @executable_path/Frameworks";
				PRODUCT_NAME = "$(TARGET_NAME)";
			};
			name = Release;
		};
		45C141081B16515000336C9A /* Debug */ = {
			isa = XCBuildConfiguration;
			buildSettings = {
				BUNDLE_LOADER = "$(TEST_HOST)";
				FRAMEWORK_SEARCH_PATHS = (
					"$(SDKROOT)/Developer/Library/Frameworks",
					"$(inherited)",
				);
				GCC_PREPROCESSOR_DEFINITIONS = (
					"DEBUG=1",
					"$(inherited)",
				);
				INFOPLIST_FILE = firstThingEverTests/Info.plist;
				LD_RUNPATH_SEARCH_PATHS = "$(inherited) @executable_path/Frameworks @loader_path/Frameworks";
				PRODUCT_NAME = "$(TARGET_NAME)";
				TEST_HOST = "$(BUILT_PRODUCTS_DIR)/firstThingEver.app/firstThingEver";
			};
			name = Debug;
		};
		45C141091B16515000336C9A /* Release */ = {
			isa = XCBuildConfiguration;
			buildSettings = {
				BUNDLE_LOADER = "$(TEST_HOST)";
				FRAMEWORK_SEARCH_PATHS = (
					"$(SDKROOT)/Developer/Library/Frameworks",
					"$(inherited)",
				);
				INFOPLIST_FILE = firstThingEverTests/Info.plist;
				LD_RUNPATH_SEARCH_PATHS = "$(inherited) @executable_path/Frameworks @loader_path/Frameworks";
				PRODUCT_NAME = "$(TARGET_NAME)";
				TEST_HOST = "$(BUILT_PRODUCTS_DIR)/firstThingEver.app/firstThingEver";
			};
			name = Release;
		};
/* End XCBuildConfiguration section */

/* Begin XCConfigurationList section */
		45C140E01B16515000336C9A /* Build configuration list for PBXProject "firstThingEver" */ = {
			isa = XCConfigurationList;
			buildConfigurations = (
				45C141021B16515000336C9A /* Debug */,
				45C141031B16515000336C9A /* Release */,
			);
			defaultConfigurationIsVisible = 0;
			defaultConfigurationName = Release;
		};
		45C141041B16515000336C9A /* Build configuration list for PBXNativeTarget "firstThingEver" */ = {
			isa = XCConfigurationList;
			buildConfigurations = (
				45C141051B16515000336C9A /* Debug */,
				45C141061B16515000336C9A /* Release */,
			);
			defaultConfigurationIsVisible = 0;
		};
		45C141071B16515000336C9A /* Build configuration list for PBXNativeTarget "firstThingEverTests" */ = {
			isa = XCConfigurationList;
			buildConfigurations = (
				45C141081B16515000336C9A /* Debug */,
				45C141091B16515000336C9A /* Release */,
			);
			defaultConfigurationIsVisible = 0;
		};
/* End XCConfigurationList section */
	};
	rootObject = 45C140DD1B16515000336C9A /* Project object */;
}
